
Microsoft Visual Studio Solution File, Format Version 12.00
# Visual Studio 15
VisualStudioVersion = 15.0.28010.2050
MinimumVisualStudioVersion = 10.0.40219.1
Project("{FAE04EC0-301F-11D3-BF4B-00C04F79EFBC}") = "entity_framework", "entity_framework\entity_framework.csproj", "{597027CD-4E58-423E-A6E6-0D51E079E28A}"
EndProject
Global
	GlobalSection(SolutionConfigurationPlatforms) = preSolution
		Debug|Any CPU = Debug|Any CPU
		Release|Any CPU = Release|Any CPU
	EndGlobalSection
	GlobalSection(ProjectConfigurationPlatforms) = postSolution
		{597027CD-4E58-423E-A6E6-0D51E079E28A}.Debug|Any CPU.ActiveCfg = Debug|Any CPU
		{597027CD-4E58-423E-A6E6-0D51E079E28A}.Debug|Any CPU.Build.0 = Debug|Any CPU
		{597027CD-4E58-423E-A6E6-0D51E079E28A}.Release|Any CPU.ActiveCfg = Release|Any CPU
		{597027CD-4E58-423E-A6E6-0D51E079E28A}.Release|Any CPU.Build.0 = Release|Any CPU
	EndGlobalSection
	GlobalSection(SolutionProperties) = preSolution
		HideSolutionNode = FALSE
	EndGlobalSection
	GlobalSection(ExtensibilityGlobals) = postSolution
		SolutionGuid = {11779A4C-E921-41DC-B53D-59373C076620}
	EndGlobalSection
EndGlobal
